# THIS IS AN AUTOGENERATED FILE. DO NOT EDIT THIS FILE DIRECTLY.
# yarn lockfile v1


intercooler@^1.2.1:
  version "1.2.1"
  resolved "https://registry.yarnpkg.com/intercooler/-/intercooler-1.2.1.tgz#50e9727ef2643ef7d5130c8e58f2af78098aa01f"
  integrity sha512-2/UV4RTZltP8tlV16fqu94aum4zO3uTbDcv843qjGInd+Lf2Pfm2gs2gIlCx5fYo6yUSz9cEwqc3r/+SddugMg==

jquery@^3.3.1:
  version "3.3.1"
  resolved "https://registry.yarnpkg.com/jquery/-/jquery-3.3.1.tgz#958ce29e81c9790f31be7792df5d4d95fc57fbca"
  integrity sha512-Ubldcmxp5np52/ENotGxlLe6aGMvmF4R8S6tZjsP6Knsaxd/xp3Zrh50cG93lR6nPXyUFwzN3ZSOQI0wRJNdGg==

tachyons@^4.11.1:
  version "4.11.1"
  resolved "https://registry.yarnpkg.com/tachyons/-/tachyons-4.11.1.tgz#4e3666e7299e47aea7d820e0580dd4dc07cf3feb"
  integrity sha512-n5zIZ8i8kZ8vz05vX1BdvkP8b9ufsMeSRmdqTuUtz5rlNxr03nntiZMc/HTADIsPYZj/wZJDJglxV0/yvvaiZA==
